{
  "name": "asp.net",
  "version": "1.0.0",
  "lockfileVersion": 1,
  "requires": true,
  "dependencies": {
    "@ttskch/select2-bootstrap4-theme": {
      "version": "1.3.2",
      "resolved": "https://registry.npmjs.org/@ttskch/select2-bootstrap4-theme/-/select2-bootstrap4-theme-1.3.2.tgz",
      "integrity": "sha512-wm5QbtsZAJs9+IMNa9IrMJiCwJFrvutYKYRZAg6gut4/x7RBANsoSA1xQ5v9QxwhZ+kmb9Sh0BjvWm3K8glunQ==",
      "dev": true
    },
    "@types/datatables.net": {
      "version": "1.10.18",
      "resolved": "https://registry.npmjs.org/@types/datatables.net/-/datatables.net-1.10.18.tgz",
      "integrity": "sha512-uz80YsSHTLGd14/A3P4+EIp4n5SqBIbjtd2Hl7SwsXl/9zpsXzE2OY+sz0Gm8TF2jPfsKl0+9yB7/8RtoD3qoA==",
      "dev": true,
      "requires": {
        "@types/jquery": "*"
      }
    },
    "@types/datatables.net-buttons": {
      "version": "1.4.3",
      "resolved": "https://registry.npmjs.org/@types/datatables.net-buttons/-/datatables.net-buttons-1.4.3.tgz",
      "integrity": "sha512-4Lyuxui1V1pA8OD4PCihJH3HxT779e39aUtT4vhPAjKUd0t9wPNRL3CEfEtG0yOa/RYkJvJw9ZAxdTaym1p8NA==",
      "dev": true,
      "requires": {
        "@types/datatables.net": "*",
        "@types/jquery": "*"
      }
    },
    "@types/datatables.net-colreorder": {
      "version": "1.4.1",
      "resolved": "https://registry.npmjs.org/@types/datatables.net-colreorder/-/datatables.net-colreorder-1.4.1.tgz",
      "integrity": "sha512-sBlpUfu+3jr92WzkDK2efXH+qiYbLGca3XmvUKSf+jjaMzNTjSrW27dcW9qZJdPCBEzYrvbgwRwrclcBtfnokA==",
      "dev": true,
      "requires": {
        "@types/datatables.net": "*",
        "@types/jquery": "*"
      }
    },
    "@types/datatables.net-select": {
      "version": "1.2.6",
      "resolved": "https://registry.npmjs.org/@types/datatables.net-select/-/datatables.net-select-1.2.6.tgz",
      "integrity": "sha512-F114lcN6EuAELInU/ZSb1gGyQNfUFCAdZRbo12dRNtdt+HYxiRHVmow46J7Qy0Hv44/6DaPHwHKhVq35eY3LPg==",
      "dev": true,
      "requires": {
        "@types/datatables.net": "*",
        "@types/jquery": "*"
      }
    },
    "@types/jquery": {
      "version": "3.3.32",
      "resolved": "https://registry.npmjs.org/@types/jquery/-/jquery-3.3.32.tgz",
      "integrity": "sha512-UKoof2mnV/X1/Ix2g+V2Ny5sgHjV8nK/UJbiYxuo4zPwzGyFlZ/mp4KaePb2VqQrqJctmcDQNA57buU84/2uIw==",
      "dev": true,
      "requires": {
        "@types/sizzle": "*"
      }
    },
    "@types/requirejs": {
      "version": "2.1.31",
      "resolved": "https://registry.npmjs.org/@types/requirejs/-/requirejs-2.1.31.tgz",
      "integrity": "sha512-b2soeyuU76rMbcRJ4e0hEl0tbMhFwZeTC0VZnfuWlfGlk6BwWNsev6kFu/twKABPX29wkX84wU2o+cEJoXsiTw==",
      "dev": true
    },
    "@types/select2": {
      "version": "4.0.48",
      "resolved": "https://registry.npmjs.org/@types/select2/-/select2-4.0.48.tgz",
      "integrity": "sha512-C1cUbfwKBqlO+/3OWQKMajA4D/d5SvI9rSGoXCa7FQI9B1p1iRqZzetkfpGPY44BP1Y8emHL17rdUJYZEyzN+Q==",
      "dev": true,
      "requires": {
        "@types/jquery": "*",
        "@types/requirejs": "*"
      }
    },
    "@types/sizzle": {
      "version": "2.3.2",
      "resolved": "https://registry.npmjs.org/@types/sizzle/-/sizzle-2.3.2.tgz",
      "integrity": "sha512-7EJYyKTL7tFR8+gDbB6Wwz/arpGa0Mywk1TJbNzKzHtzbwVmY4HR9WqS5VV7dsBUKQmPNr192jHr/VpBluj/hg==",
      "dev": true
    }
  }
}
